
Microsoft Visual Studio Solution File, Format Version 12.00
# Visual Studio Version 17
VisualStudioVersion = 17.10.34916.146
MinimumVisualStudioVersion = 10.0.40219.1
Project("{FAE04EC0-301F-11D3-BF4B-00C04F79EFBC}") = "SKSLS_WebApi", "SKSLS_WebApi.csproj", "{B2B983C5-1EC7-403C-B833-0F8DDBB5F61A}"
EndProject
Global
	GlobalSection(SolutionConfigurationPlatforms) = preSolution
		Debug|Any CPU = Debug|Any CPU
		Release|Any CPU = Release|Any CPU
	EndGlobalSection
	GlobalSection(ProjectConfigurationPlatforms) = postSolution
		{B2B983C5-1EC7-403C-B833-0F8DDBB5F61A}.Debug|Any CPU.ActiveCfg = Debug|Any CPU
		{B2B983C5-1EC7-403C-B833-0F8DDBB5F61A}.Debug|Any CPU.Build.0 = Debug|Any CPU
		{B2B983C5-1EC7-403C-B833-0F8DDBB5F61A}.Release|Any CPU.ActiveCfg = Release|Any CPU
		{B2B983C5-1EC7-403C-B833-0F8DDBB5F61A}.Release|Any CPU.Build.0 = Release|Any CPU
	EndGlobalSection
	GlobalSection(SolutionProperties) = preSolution
		HideSolutionNode = FALSE
	EndGlobalSection
	GlobalSection(ExtensibilityGlobals) = postSolution
		SolutionGuid = {E484733F-71E9-4FE8-A3E7-E1DFB6B3839E}
	EndGlobalSection
EndGlobal
